
Microsoft Visual Studio Solution File, Format Version 12.00
# Visual Studio 2012
Project("{E24C65DC-7377-472B-9ABA-BC803B73C61A}") = "git-newhand", ".", "{FF64D5CB-7836-48CC-88B1-22C952846716}"
	ProjectSection(WebsiteProperties) = preProject
		TargetFrameworkMoniker = ".NETFramework,Version%3Dv4.0"
		Debug.AspNetCompiler.VirtualPath = "/git-newhand"
		Debug.AspNetCompiler.PhysicalPath = "..\..\..\..\..\..\Copy\git\mine\git-newhand\"
		Debug.AspNetCompiler.TargetPath = "PrecompiledWeb\git-newhand\"
		Debug.AspNetCompiler.Updateable = "true"
		Debug.AspNetCompiler.ForceOverwrite = "true"
		Debug.AspNetCompiler.FixedNames = "false"
		Debug.AspNetCompiler.Debug = "True"
		Release.AspNetCompiler.VirtualPath = "/git-newhand"
		Release.AspNetCompiler.PhysicalPath = "..\..\..\..\..\..\Copy\git\mine\git-newhand\"
		Release.AspNetCompiler.TargetPath = "PrecompiledWeb\git-newhand\"
		Release.AspNetCompiler.Updateable = "true"
		Release.AspNetCompiler.ForceOverwrite = "true"
		Release.AspNetCompiler.FixedNames = "false"
		Release.AspNetCompiler.Debug = "False"
		VWDPort = "51032"
	EndProjectSection
EndProject
Global
	GlobalSection(SolutionConfigurationPlatforms) = preSolution
		Debug|Any CPU = Debug|Any CPU
	EndGlobalSection
	GlobalSection(ProjectConfigurationPlatforms) = postSolution
		{FF64D5CB-7836-48CC-88B1-22C952846716}.Debug|Any CPU.ActiveCfg = Debug|Any CPU
		{FF64D5CB-7836-48CC-88B1-22C952846716}.Debug|Any CPU.Build.0 = Debug|Any CPU
	EndGlobalSection
	GlobalSection(SolutionProperties) = preSolution
		HideSolutionNode = FALSE
	EndGlobalSection
EndGlobal
